// !$*UTF8*$!
{
	archiveVersion = 1;
	classes = {
	};
	objectVersion = 46;
	objects = {

/* Begin PBXBuildFile section */
		0754182D1DE75A6B00327B41 /* SensorPageViewController.swift in Sources */ = {isa = PBXBuildFile; fileRef = 075418261DE75A6B00327B41 /* SensorPageViewController.swift */; };
		0754182E1DE75A6B00327B41 /* RootTableViewController.swift in Sources */ = {isa = PBXBuildFile; fileRef = 075418271DE75A6B00327B41 /* RootTableViewController.swift */; };
		0754182F1DE75A6B00327B41 /* AnalyticsTableViewController.swift in Sources */ = {isa = PBXBuildFile; fileRef = 075418281DE75A6B00327B41 /* AnalyticsTableViewController.swift */; };
		075418301DE75A6B00327B41 /* SettingsTableViewController.swift in Sources */ = {isa = PBXBuildFile; fileRef = 075418291DE75A6B00327B41 /* SettingsTableViewController.swift */; };
		075418311DE75A6B00327B41 /* FrequencyTableViewController.swift in Sources */ = {isa = PBXBuildFile; fileRef = 0754182A1DE75A6B00327B41 /* FrequencyTableViewController.swift */; };
		075418321DE75A6B00327B41 /* SettingsTableViewCell.swift in Sources */ = {isa = PBXBuildFile; fileRef = 0754182B1DE75A6B00327B41 /* SettingsTableViewCell.swift */; };
		075418331DE75A6B00327B41 /* FrequencyTableViewCell.swift in Sources */ = {isa = PBXBuildFile; fileRef = 0754182C1DE75A6B00327B41 /* FrequencyTableViewCell.swift */; };
		075418351DE75B2300327B41 /* Main.storyboard in Resources */ = {isa = PBXBuildFile; fileRef = 075418341DE75B2300327B41 /* Main.storyboard */; };
		22A68AF41D92DD9B00E75C04 /* AppDelegate.swift in Sources */ = {isa = PBXBuildFile; fileRef = 22A68AF31D92DD9B00E75C04 /* AppDelegate.swift */; };
		22A68AF61D92DD9B00E75C04 /* RootViewController.swift in Sources */ = {isa = PBXBuildFile; fileRef = 22A68AF51D92DD9B00E75C04 /* RootViewController.swift */; };
		22A68AF81D92DD9B00E75C04 /* DataViewController.swift in Sources */ = {isa = PBXBuildFile; fileRef = 22A68AF71D92DD9B00E75C04 /* DataViewController.swift */; };
		22A68AFA1D92DD9B00E75C04 /* ModelController.swift in Sources */ = {isa = PBXBuildFile; fileRef = 22A68AF91D92DD9B00E75C04 /* ModelController.swift */; };
		22A68AFF1D92DD9B00E75C04 /* Assets.xcassets in Resources */ = {isa = PBXBuildFile; fileRef = 22A68AFE1D92DD9B00E75C04 /* Assets.xcassets */; };
		22A68B021D92DD9B00E75C04 /* LaunchScreen.storyboard in Resources */ = {isa = PBXBuildFile; fileRef = 22A68B001D92DD9B00E75C04 /* LaunchScreen.storyboard */; };
		22A68B0D1D92DD9B00E75C04 /* nervousnet_HUB_iOSTests.swift in Sources */ = {isa = PBXBuildFile; fileRef = 22A68B0C1D92DD9B00E75C04 /* nervousnet_HUB_iOSTests.swift */; };
		22A68B181D92DD9B00E75C04 /* nervousnet_HUB_iOSUITests.swift in Sources */ = {isa = PBXBuildFile; fileRef = 22A68B171D92DD9B00E75C04 /* nervousnet_HUB_iOSUITests.swift */; };
		3825C5581DE74238000FD8EE /* AxonStore.swift in Sources */ = {isa = PBXBuildFile; fileRef = 3825C5571DE74238000FD8EE /* AxonStore.swift */; };
		383CAC1E1E0AB0B10053BECB /* VM.swift in Sources */ = {isa = PBXBuildFile; fileRef = 383CAC1D1E0AB0B10053BECB /* VM.swift */; };
		383CAC281E0AB8840053BECB /* ClassDummies.swift in Sources */ = {isa = PBXBuildFile; fileRef = 383CAC271E0AB8840053BECB /* ClassDummies.swift */; };
		383CAC2A1E0ACF920053BECB /* VMConstants.swift in Sources */ = {isa = PBXBuildFile; fileRef = 383CAC291E0ACF920053BECB /* VMConstants.swift */; };
		386E86F11E02BF0600BDFA63 /* SensorReading.swift in Sources */ = {isa = PBXBuildFile; fileRef = 386E86F01E02BF0600BDFA63 /* SensorReading.swift */; };
		38B521411DEEE59E001015BF /* AxonServerController.swift in Sources */ = {isa = PBXBuildFile; fileRef = 38B521401DEEE59E001015BF /* AxonServerController.swift */; };
		38B5214E1DEEECF7001015BF /* Assets in Resources */ = {isa = PBXBuildFile; fileRef = 38B5214D1DEEECF7001015BF /* Assets */; };
		38DA7DB31E0172F000D34864 /* DBManager.swift in Sources */ = {isa = PBXBuildFile; fileRef = 38DA7DB21E0172F000D34864 /* DBManager.swift */; };
		38DA7DB71E017CE500D34864 /* GeneralSensorConfiguration.swift in Sources */ = {isa = PBXBuildFile; fileRef = 38DA7DB61E017CE500D34864 /* GeneralSensorConfiguration.swift */; };
		38DA7DB91E01953100D34864 /* DBConstants.swift in Sources */ = {isa = PBXBuildFile; fileRef = 38DA7DB81E01953100D34864 /* DBConstants.swift */; };
		B76CD29BDE7B281C4735A2BA /* Pods_nervousnet_HUB_iOS.framework in Frameworks */ = {isa = PBXBuildFile; fileRef = 09683561BDEECD42E5A4EE5F /* Pods_nervousnet_HUB_iOS.framework */; };
/* End PBXBuildFile section */

/* Begin PBXContainerItemProxy section */
		22A68B091D92DD9B00E75C04 /* PBXContainerItemProxy */ = {
			isa = PBXContainerItemProxy;
			containerPortal = 22A68AE81D92DD9B00E75C04 /* Project object */;
			proxyType = 1;
			remoteGlobalIDString = 22A68AEF1D92DD9B00E75C04;
			remoteInfo = "nervousnet-HUB-iOS";
		};
		22A68B141D92DD9B00E75C04 /* PBXContainerItemProxy */ = {
			isa = PBXContainerItemProxy;
			containerPortal = 22A68AE81D92DD9B00E75C04 /* Project object */;
			proxyType = 1;
			remoteGlobalIDString = 22A68AEF1D92DD9B00E75C04;
			remoteInfo = "nervousnet-HUB-iOS";
		};
/* End PBXContainerItemProxy section */

/* Begin PBXFileReference section */
		075418261DE75A6B00327B41 /* SensorPageViewController.swift */ = {isa = PBXFileReference; fileEncoding = 4; lastKnownFileType = sourcecode.swift; path = SensorPageViewController.swift; sourceTree = "<group>"; };
		075418271DE75A6B00327B41 /* RootTableViewController.swift */ = {isa = PBXFileReference; fileEncoding = 4; lastKnownFileType = sourcecode.swift; path = RootTableViewController.swift; sourceTree = "<group>"; };
		075418281DE75A6B00327B41 /* AnalyticsTableViewController.swift */ = {isa = PBXFileReference; fileEncoding = 4; lastKnownFileType = sourcecode.swift; path = AnalyticsTableViewController.swift; sourceTree = "<group>"; };
		075418291DE75A6B00327B41 /* SettingsTableViewController.swift */ = {isa = PBXFileReference; fileEncoding = 4; lastKnownFileType = sourcecode.swift; path = SettingsTableViewController.swift; sourceTree = "<group>"; };
		0754182A1DE75A6B00327B41 /* FrequencyTableViewController.swift */ = {isa = PBXFileReference; fileEncoding = 4; lastKnownFileType = sourcecode.swift; path = FrequencyTableViewController.swift; sourceTree = "<group>"; };
		0754182B1DE75A6B00327B41 /* SettingsTableViewCell.swift */ = {isa = PBXFileReference; fileEncoding = 4; lastKnownFileType = sourcecode.swift; path = SettingsTableViewCell.swift; sourceTree = "<group>"; };
		0754182C1DE75A6B00327B41 /* FrequencyTableViewCell.swift */ = {isa = PBXFileReference; fileEncoding = 4; lastKnownFileType = sourcecode.swift; path = FrequencyTableViewCell.swift; sourceTree = "<group>"; };
		075418341DE75B2300327B41 /* Main.storyboard */ = {isa = PBXFileReference; fileEncoding = 4; lastKnownFileType = file.storyboard; path = Main.storyboard; sourceTree = "<group>"; };
		09683561BDEECD42E5A4EE5F /* Pods_nervousnet_HUB_iOS.framework */ = {isa = PBXFileReference; explicitFileType = wrapper.framework; includeInIndex = 0; path = Pods_nervousnet_HUB_iOS.framework; sourceTree = BUILT_PRODUCTS_DIR; };
		22A68AF01D92DD9B00E75C04 /* nervousnet-HUB-iOS.app */ = {isa = PBXFileReference; explicitFileType = wrapper.application; includeInIndex = 0; path = "nervousnet-HUB-iOS.app"; sourceTree = BUILT_PRODUCTS_DIR; };
		22A68AF31D92DD9B00E75C04 /* AppDelegate.swift */ = {isa = PBXFileReference; lastKnownFileType = sourcecode.swift; path = AppDelegate.swift; sourceTree = "<group>"; };
		22A68AF51D92DD9B00E75C04 /* RootViewController.swift */ = {isa = PBXFileReference; lastKnownFileType = sourcecode.swift; path = RootViewController.swift; sourceTree = "<group>"; };
		22A68AF71D92DD9B00E75C04 /* DataViewController.swift */ = {isa = PBXFileReference; lastKnownFileType = sourcecode.swift; path = DataViewController.swift; sourceTree = "<group>"; };
		22A68AF91D92DD9B00E75C04 /* ModelController.swift */ = {isa = PBXFileReference; lastKnownFileType = sourcecode.swift; path = ModelController.swift; sourceTree = "<group>"; };
		22A68AFE1D92DD9B00E75C04 /* Assets.xcassets */ = {isa = PBXFileReference; lastKnownFileType = folder.assetcatalog; path = Assets.xcassets; sourceTree = "<group>"; };
		22A68B011D92DD9B00E75C04 /* Base */ = {isa = PBXFileReference; lastKnownFileType = file.storyboard; name = Base; path = Base.lproj/LaunchScreen.storyboard; sourceTree = "<group>"; };
		22A68B031D92DD9B00E75C04 /* Info.plist */ = {isa = PBXFileReference; lastKnownFileType = text.plist.xml; path = Info.plist; sourceTree = "<group>"; };
		22A68B081D92DD9B00E75C04 /* nervousnet-HUB-iOSTests.xctest */ = {isa = PBXFileReference; explicitFileType = wrapper.cfbundle; includeInIndex = 0; path = "nervousnet-HUB-iOSTests.xctest"; sourceTree = BUILT_PRODUCTS_DIR; };
		22A68B0C1D92DD9B00E75C04 /* nervousnet_HUB_iOSTests.swift */ = {isa = PBXFileReference; lastKnownFileType = sourcecode.swift; path = nervousnet_HUB_iOSTests.swift; sourceTree = "<group>"; };
		22A68B0E1D92DD9B00E75C04 /* Info.plist */ = {isa = PBXFileReference; lastKnownFileType = text.plist.xml; path = Info.plist; sourceTree = "<group>"; };
		22A68B131D92DD9B00E75C04 /* nervousnet-HUB-iOSUITests.xctest */ = {isa = PBXFileReference; explicitFileType = wrapper.cfbundle; includeInIndex = 0; path = "nervousnet-HUB-iOSUITests.xctest"; sourceTree = BUILT_PRODUCTS_DIR; };
		22A68B171D92DD9B00E75C04 /* nervousnet_HUB_iOSUITests.swift */ = {isa = PBXFileReference; lastKnownFileType = sourcecode.swift; path = nervousnet_HUB_iOSUITests.swift; sourceTree = "<group>"; };
		22A68B191D92DD9B00E75C04 /* Info.plist */ = {isa = PBXFileReference; lastKnownFileType = text.plist.xml; path = Info.plist; sourceTree = "<group>"; };
		3825C5571DE74238000FD8EE /* AxonStore.swift */ = {isa = PBXFileReference; fileEncoding = 4; lastKnownFileType = sourcecode.swift; path = AxonStore.swift; sourceTree = "<group>"; };
		383CAC1D1E0AB0B10053BECB /* VM.swift */ = {isa = PBXFileReference; fileEncoding = 4; lastKnownFileType = sourcecode.swift; path = VM.swift; sourceTree = "<group>"; };
		383CAC271E0AB8840053BECB /* ClassDummies.swift */ = {isa = PBXFileReference; fileEncoding = 4; lastKnownFileType = sourcecode.swift; path = ClassDummies.swift; sourceTree = "<group>"; };
		383CAC291E0ACF920053BECB /* VMConstants.swift */ = {isa = PBXFileReference; fileEncoding = 4; lastKnownFileType = sourcecode.swift; path = VMConstants.swift; sourceTree = "<group>"; };
		386E86F01E02BF0600BDFA63 /* SensorReading.swift */ = {isa = PBXFileReference; fileEncoding = 4; lastKnownFileType = sourcecode.swift; path = SensorReading.swift; sourceTree = "<group>"; };
		38B521401DEEE59E001015BF /* AxonServerController.swift */ = {isa = PBXFileReference; fileEncoding = 4; lastKnownFileType = sourcecode.swift; path = AxonServerController.swift; sourceTree = "<group>"; };
		38B5214D1DEEECF7001015BF /* Assets */ = {isa = PBXFileReference; lastKnownFileType = folder; path = Assets; sourceTree = "<group>"; };
		38DA7DB21E0172F000D34864 /* DBManager.swift */ = {isa = PBXFileReference; fileEncoding = 4; lastKnownFileType = sourcecode.swift; path = DBManager.swift; sourceTree = "<group>"; };
		38DA7DB61E017CE500D34864 /* GeneralSensorConfiguration.swift */ = {isa = PBXFileReference; fileEncoding = 4; lastKnownFileType = sourcecode.swift; path = GeneralSensorConfiguration.swift; sourceTree = "<group>"; };
		38DA7DB81E01953100D34864 /* DBConstants.swift */ = {isa = PBXFileReference; fileEncoding = 4; lastKnownFileType = sourcecode.swift; path = DBConstants.swift; sourceTree = "<group>"; };
		612CF515B4FD4C7919BD20E2 /* Pods-nervousnet-HUB-iOS.debug.xcconfig */ = {isa = PBXFileReference; includeInIndex = 1; lastKnownFileType = text.xcconfig; name = "Pods-nervousnet-HUB-iOS.debug.xcconfig"; path = "Pods/Target Support Files/Pods-nervousnet-HUB-iOS/Pods-nervousnet-HUB-iOS.debug.xcconfig"; sourceTree = "<group>"; };
		DFE7F8B7D3E6F05F15FFB1A8 /* Pods-nervousnet-HUB-iOS.release.xcconfig */ = {isa = PBXFileReference; includeInIndex = 1; lastKnownFileType = text.xcconfig; name = "Pods-nervousnet-HUB-iOS.release.xcconfig"; path = "Pods/Target Support Files/Pods-nervousnet-HUB-iOS/Pods-nervousnet-HUB-iOS.release.xcconfig"; sourceTree = "<group>"; };
/* End PBXFileReference section */

/* Begin PBXFrameworksBuildPhase section */
		22A68AED1D92DD9B00E75C04 /* Frameworks */ = {
			isa = PBXFrameworksBuildPhase;
			buildActionMask = 2147483647;
			files = (
				B76CD29BDE7B281C4735A2BA /* Pods_nervousnet_HUB_iOS.framework in Frameworks */,
			);
			runOnlyForDeploymentPostprocessing = 0;
		};
		22A68B051D92DD9B00E75C04 /* Frameworks */ = {
			isa = PBXFrameworksBuildPhase;
			buildActionMask = 2147483647;
			files = (
			);
			runOnlyForDeploymentPostprocessing = 0;
		};
		22A68B101D92DD9B00E75C04 /* Frameworks */ = {
			isa = PBXFrameworksBuildPhase;
			buildActionMask = 2147483647;
			files = (
			);
			runOnlyForDeploymentPostprocessing = 0;
		};
/* End PBXFrameworksBuildPhase section */

/* Begin PBXGroup section */
		22A68AE71D92DD9B00E75C04 = {
			isa = PBXGroup;
			children = (
				22A68AF21D92DD9B00E75C04 /* nervousnet-HUB-iOS */,
				22A68B0B1D92DD9B00E75C04 /* nervousnet-HUB-iOSTests */,
				22A68B161D92DD9B00E75C04 /* nervousnet-HUB-iOSUITests */,
				22A68AF11D92DD9B00E75C04 /* Products */,
				F5EC49450EFC467958326F20 /* Pods */,
				FF092EBF7451C9FB9C783EF4 /* Frameworks */,
			);
			sourceTree = "<group>";
		};
		22A68AF11D92DD9B00E75C04 /* Products */ = {
			isa = PBXGroup;
			children = (
				22A68AF01D92DD9B00E75C04 /* nervousnet-HUB-iOS.app */,
				22A68B081D92DD9B00E75C04 /* nervousnet-HUB-iOSTests.xctest */,
				22A68B131D92DD9B00E75C04 /* nervousnet-HUB-iOSUITests.xctest */,
			);
			name = Products;
			sourceTree = "<group>";
		};
		22A68AF21D92DD9B00E75C04 /* nervousnet-HUB-iOS */ = {
			isa = PBXGroup;
			children = (
				38B5214D1DEEECF7001015BF /* Assets */,
				383CAC221E0AB4A20053BECB /* classdummies */,
				38BBB3BF1DE5ECB600BDD178 /* webaxons */,
				38DA7DB51E0172FC00D34864 /* database */,
				22A68AF31D92DD9B00E75C04 /* AppDelegate.swift */,
				075418261DE75A6B00327B41 /* SensorPageViewController.swift */,
				075418271DE75A6B00327B41 /* RootTableViewController.swift */,
				075418281DE75A6B00327B41 /* AnalyticsTableViewController.swift */,
				075418291DE75A6B00327B41 /* SettingsTableViewController.swift */,
				0754182A1DE75A6B00327B41 /* FrequencyTableViewController.swift */,
				0754182B1DE75A6B00327B41 /* SettingsTableViewCell.swift */,
				0754182C1DE75A6B00327B41 /* FrequencyTableViewCell.swift */,
				22A68AF51D92DD9B00E75C04 /* RootViewController.swift */,
				22A68AF71D92DD9B00E75C04 /* DataViewController.swift */,
				22A68AF91D92DD9B00E75C04 /* ModelController.swift */,
				22A68AFE1D92DD9B00E75C04 /* Assets.xcassets */,
				22A68B001D92DD9B00E75C04 /* LaunchScreen.storyboard */,
				075418341DE75B2300327B41 /* Main.storyboard */,
				22A68B031D92DD9B00E75C04 /* Info.plist */,
				383CAC1F1E0AB0B90053BECB /* vm */,
			);
			path = "nervousnet-HUB-iOS";
			sourceTree = "<group>";
		};
		22A68B0B1D92DD9B00E75C04 /* nervousnet-HUB-iOSTests */ = {
			isa = PBXGroup;
			children = (
				22A68B0C1D92DD9B00E75C04 /* nervousnet_HUB_iOSTests.swift */,
				22A68B0E1D92DD9B00E75C04 /* Info.plist */,
			);
			path = "nervousnet-HUB-iOSTests";
			sourceTree = "<group>";
		};
		22A68B161D92DD9B00E75C04 /* nervousnet-HUB-iOSUITests */ = {
			isa = PBXGroup;
			children = (
				22A68B171D92DD9B00E75C04 /* nervousnet_HUB_iOSUITests.swift */,
				22A68B191D92DD9B00E75C04 /* Info.plist */,
			);
			path = "nervousnet-HUB-iOSUITests";
			sourceTree = "<group>";
		};
		383CAC1F1E0AB0B90053BECB /* vm */ = {
			isa = PBXGroup;
			children = (
				383CAC1D1E0AB0B10053BECB /* VM.swift */,
				383CAC291E0ACF920053BECB /* VMConstants.swift */,
			);
			name = vm;
			sourceTree = "<group>";
		};
		383CAC221E0AB4A20053BECB /* classdummies */ = {
			isa = PBXGroup;
			children = (
				383CAC271E0AB8840053BECB /* ClassDummies.swift */,
			);
			name = classdummies;
			sourceTree = "<group>";
		};
		38BBB3BF1DE5ECB600BDD178 /* webaxons */ = {
			isa = PBXGroup;
			children = (
				38B521401DEEE59E001015BF /* AxonServerController.swift */,
				3825C5571DE74238000FD8EE /* AxonStore.swift */,
			);
			name = webaxons;
			sourceTree = "<group>";
		};
		38DA7DB51E0172FC00D34864 /* database */ = {
			isa = PBXGroup;
			children = (
				38DA7DB61E017CE500D34864 /* GeneralSensorConfiguration.swift */,
				386E86F01E02BF0600BDFA63 /* SensorReading.swift */,
				38DA7DB21E0172F000D34864 /* DBManager.swift */,
				38DA7DB81E01953100D34864 /* DBConstants.swift */,
			);
			name = database;
			sourceTree = "<group>";
		};
		F5EC49450EFC467958326F20 /* Pods */ = {
			isa = PBXGroup;
			children = (
				612CF515B4FD4C7919BD20E2 /* Pods-nervousnet-HUB-iOS.debug.xcconfig */,
				DFE7F8B7D3E6F05F15FFB1A8 /* Pods-nervousnet-HUB-iOS.release.xcconfig */,
			);
			name = Pods;
			sourceTree = "<group>";
		};
		FF092EBF7451C9FB9C783EF4 /* Frameworks */ = {
			isa = PBXGroup;
			children = (
				09683561BDEECD42E5A4EE5F /* Pods_nervousnet_HUB_iOS.framework */,
			);
			name = Frameworks;
			sourceTree = "<group>";
		};
/* End PBXGroup section */

/* Begin PBXNativeTarget section */
		22A68AEF1D92DD9B00E75C04 /* nervousnet-HUB-iOS */ = {
			isa = PBXNativeTarget;
			buildConfigurationList = 22A68B1C1D92DD9B00E75C04 /* Build configuration list for PBXNativeTarget "nervousnet-HUB-iOS" */;
			buildPhases = (
				2987B28FB8991898CDDB87AF /* [CP] Check Pods Manifest.lock */,
				22A68AEC1D92DD9B00E75C04 /* Sources */,
				22A68AED1D92DD9B00E75C04 /* Frameworks */,
				22A68AEE1D92DD9B00E75C04 /* Resources */,
				D135D9F0D66FFD7B30085CCF /* [CP] Embed Pods Frameworks */,
				DAF4C8536CC5F75D17A7A262 /* [CP] Copy Pods Resources */,
			);
			buildRules = (
			);
			dependencies = (
			);
			name = "nervousnet-HUB-iOS";
			productName = "nervousnet-HUB-iOS";
			productReference = 22A68AF01D92DD9B00E75C04 /* nervousnet-HUB-iOS.app */;
			productType = "com.apple.product-type.application";
		};
		22A68B071D92DD9B00E75C04 /* nervousnet-HUB-iOSTests */ = {
			isa = PBXNativeTarget;
			buildConfigurationList = 22A68B1F1D92DD9B00E75C04 /* Build configuration list for PBXNativeTarget "nervousnet-HUB-iOSTests" */;
			buildPhases = (
				22A68B041D92DD9B00E75C04 /* Sources */,
				22A68B051D92DD9B00E75C04 /* Frameworks */,
				22A68B061D92DD9B00E75C04 /* Resources */,
			);
			buildRules = (
			);
			dependencies = (
				22A68B0A1D92DD9B00E75C04 /* PBXTargetDependency */,
			);
			name = "nervousnet-HUB-iOSTests";
			productName = "nervousnet-HUB-iOSTests";
			productReference = 22A68B081D92DD9B00E75C04 /* nervousnet-HUB-iOSTests.xctest */;
			productType = "com.apple.product-type.bundle.unit-test";
		};
		22A68B121D92DD9B00E75C04 /* nervousnet-HUB-iOSUITests */ = {
			isa = PBXNativeTarget;
			buildConfigurationList = 22A68B221D92DD9B00E75C04 /* Build configuration list for PBXNativeTarget "nervousnet-HUB-iOSUITests" */;
			buildPhases = (
				22A68B0F1D92DD9B00E75C04 /* Sources */,
				22A68B101D92DD9B00E75C04 /* Frameworks */,
				22A68B111D92DD9B00E75C04 /* Resources */,
			);
			buildRules = (
			);
			dependencies = (
				22A68B151D92DD9B00E75C04 /* PBXTargetDependency */,
			);
			name = "nervousnet-HUB-iOSUITests";
			productName = "nervousnet-HUB-iOSUITests";
			productReference = 22A68B131D92DD9B00E75C04 /* nervousnet-HUB-iOSUITests.xctest */;
			productType = "com.apple.product-type.bundle.ui-testing";
		};
/* End PBXNativeTarget section */

/* Begin PBXProject section */
		22A68AE81D92DD9B00E75C04 /* Project object */ = {
			isa = PBXProject;
			attributes = {
				LastSwiftUpdateCheck = 0720;
				LastUpgradeCheck = 0720;
				ORGANIZATIONNAME = "ETH Zurich - COSS";
				TargetAttributes = {
					22A68AEF1D92DD9B00E75C04 = {
						CreatedOnToolsVersion = 7.2.1;
						DevelopmentTeam = 5R8S596684;
						LastSwiftMigration = 0810;
					};
					22A68B071D92DD9B00E75C04 = {
						CreatedOnToolsVersion = 7.2.1;
						LastSwiftMigration = 0810;
						TestTargetID = 22A68AEF1D92DD9B00E75C04;
					};
					22A68B121D92DD9B00E75C04 = {
						CreatedOnToolsVersion = 7.2.1;
						LastSwiftMigration = 0810;
						TestTargetID = 22A68AEF1D92DD9B00E75C04;
					};
				};
			};
			buildConfigurationList = 22A68AEB1D92DD9B00E75C04 /* Build configuration list for PBXProject "nervousnet-HUB-iOS" */;
			compatibilityVersion = "Xcode 3.2";
			developmentRegion = English;
			hasScannedForEncodings = 0;
			knownRegions = (
				en,
				Base,
			);
			mainGroup = 22A68AE71D92DD9B00E75C04;
			productRefGroup = 22A68AF11D92DD9B00E75C04 /* Products */;
			projectDirPath = "";
			projectRoot = "";
			targets = (
				22A68AEF1D92DD9B00E75C04 /* nervousnet-HUB-iOS */,
				22A68B071D92DD9B00E75C04 /* nervousnet-HUB-iOSTests */,
				22A68B121D92DD9B00E75C04 /* nervousnet-HUB-iOSUITests */,
			);
		};
/* End PBXProject section */

/* Begin PBXResourcesBuildPhase section */
		22A68AEE1D92DD9B00E75C04 /* Resources */ = {
			isa = PBXResourcesBuildPhase;
			buildActionMask = 2147483647;
			files = (
				075418351DE75B2300327B41 /* Main.storyboard in Resources */,
				38B5214E1DEEECF7001015BF /* Assets in Resources */,
				22A68B021D92DD9B00E75C04 /* LaunchScreen.storyboard in Resources */,
				22A68AFF1D92DD9B00E75C04 /* Assets.xcassets in Resources */,
			);
			runOnlyForDeploymentPostprocessing = 0;
		};
		22A68B061D92DD9B00E75C04 /* Resources */ = {
			isa = PBXResourcesBuildPhase;
			buildActionMask = 2147483647;
			files = (
			);
			runOnlyForDeploymentPostprocessing = 0;
		};
		22A68B111D92DD9B00E75C04 /* Resources */ = {
			isa = PBXResourcesBuildPhase;
			buildActionMask = 2147483647;
			files = (
			);
			runOnlyForDeploymentPostprocessing = 0;
		};
/* End PBXResourcesBuildPhase section */

/* Begin PBXShellScriptBuildPhase section */
		2987B28FB8991898CDDB87AF /* [CP] Check Pods Manifest.lock */ = {
			isa = PBXShellScriptBuildPhase;
			buildActionMask = 2147483647;
			files = (
			);
			inputPaths = (
			);
			name = "[CP] Check Pods Manifest.lock";
			outputPaths = (
			);
			runOnlyForDeploymentPostprocessing = 0;
			shellPath = /bin/sh;
			shellScript = "diff \"${PODS_ROOT}/../Podfile.lock\" \"${PODS_ROOT}/Manifest.lock\" > /dev/null\nif [ $? != 0 ] ; then\n    # print error to STDERR\n    echo \"error: The sandbox is not in sync with the Podfile.lock. Run 'pod install' or update your CocoaPods installation.\" >&2\n    exit 1\nfi\n";
			showEnvVarsInLog = 0;
		};
		D135D9F0D66FFD7B30085CCF /* [CP] Embed Pods Frameworks */ = {
			isa = PBXShellScriptBuildPhase;
			buildActionMask = 2147483647;
			files = (
			);
			inputPaths = (
			);
			name = "[CP] Embed Pods Frameworks";
			outputPaths = (
			);
			runOnlyForDeploymentPostprocessing = 0;
			shellPath = /bin/sh;
			shellScript = "\"${SRCROOT}/Pods/Target Support Files/Pods-nervousnet-HUB-iOS/Pods-nervousnet-HUB-iOS-frameworks.sh\"\n";
			showEnvVarsInLog = 0;
		};
		DAF4C8536CC5F75D17A7A262 /* [CP] Copy Pods Resources */ = {
			isa = PBXShellScriptBuildPhase;
			buildActionMask = 2147483647;
			files = (
			);
			inputPaths = (
			);
			name = "[CP] Copy Pods Resources";
			outputPaths = (
			);
			runOnlyForDeploymentPostprocessing = 0;
			shellPath = /bin/sh;
			shellScript = "\"${SRCROOT}/Pods/Target Support Files/Pods-nervousnet-HUB-iOS/Pods-nervousnet-HUB-iOS-resources.sh\"\n";
			showEnvVarsInLog = 0;
		};
/* End PBXShellScriptBuildPhase section */

/* Begin PBXSourcesBuildPhase section */
		22A68AEC1D92DD9B00E75C04 /* Sources */ = {
			isa = PBXSourcesBuildPhase;
			buildActionMask = 2147483647;
			files = (
				075418331DE75A6B00327B41 /* FrequencyTableViewCell.swift in Sources */,
				22A68AF61D92DD9B00E75C04 /* RootViewController.swift in Sources */,
				383CAC1E1E0AB0B10053BECB /* VM.swift in Sources */,
				22A68AFA1D92DD9B00E75C04 /* ModelController.swift in Sources */,
				22A68AF81D92DD9B00E75C04 /* DataViewController.swift in Sources */,
				38DA7DB71E017CE500D34864 /* GeneralSensorConfiguration.swift in Sources */,
				386E86F11E02BF0600BDFA63 /* SensorReading.swift in Sources */,
				0754182E1DE75A6B00327B41 /* RootTableViewController.swift in Sources */,
				383CAC2A1E0ACF920053BECB /* VMConstants.swift in Sources */,
				0754182F1DE75A6B00327B41 /* AnalyticsTableViewController.swift in Sources */,
				0754182D1DE75A6B00327B41 /* SensorPageViewController.swift in Sources */,
				075418321DE75A6B00327B41 /* SettingsTableViewCell.swift in Sources */,
				38DA7DB31E0172F000D34864 /* DBManager.swift in Sources */,
				075418311DE75A6B00327B41 /* FrequencyTableViewController.swift in Sources */,
				22A68AF41D92DD9B00E75C04 /* AppDelegate.swift in Sources */,
				3825C5581DE74238000FD8EE /* AxonStore.swift in Sources */,
				38B521411DEEE59E001015BF /* AxonServerController.swift in Sources */,
				075418301DE75A6B00327B41 /* SettingsTableViewController.swift in Sources */,
				38DA7DB91E01953100D34864 /* DBConstants.swift in Sources */,
				383CAC281E0AB8840053BECB /* ClassDummies.swift in Sources */,
			);
			runOnlyForDeploymentPostprocessing = 0;
		};
		22A68B041D92DD9B00E75C04 /* Sources */ = {
			isa = PBXSourcesBuildPhase;
			buildActionMask = 2147483647;
			files = (
				22A68B0D1D92DD9B00E75C04 /* nervousnet_HUB_iOSTests.swift in Sources */,
			);
			runOnlyForDeploymentPostprocessing = 0;
		};
		22A68B0F1D92DD9B00E75C04 /* Sources */ = {
			isa = PBXSourcesBuildPhase;
			buildActionMask = 2147483647;
			files = (
				22A68B181D92DD9B00E75C04 /* nervousnet_HUB_iOSUITests.swift in Sources */,
			);
			runOnlyForDeploymentPostprocessing = 0;
		};
/* End PBXSourcesBuildPhase section */

/* Begin PBXTargetDependency section */
		22A68B0A1D92DD9B00E75C04 /* PBXTargetDependency */ = {
			isa = PBXTargetDependency;
			target = 22A68AEF1D92DD9B00E75C04 /* nervousnet-HUB-iOS */;
			targetProxy = 22A68B091D92DD9B00E75C04 /* PBXContainerItemProxy */;
		};
		22A68B151D92DD9B00E75C04 /* PBXTargetDependency */ = {
			isa = PBXTargetDependency;
			target = 22A68AEF1D92DD9B00E75C04 /* nervousnet-HUB-iOS */;
			targetProxy = 22A68B141D92DD9B00E75C04 /* PBXContainerItemProxy */;
		};
/* End PBXTargetDependency section */

/* Begin PBXVariantGroup section */
		22A68B001D92DD9B00E75C04 /* LaunchScreen.storyboard */ = {
			isa = PBXVariantGroup;
			children = (
				22A68B011D92DD9B00E75C04 /* Base */,
			);
			name = LaunchScreen.storyboard;
			sourceTree = "<group>";
		};
/* End PBXVariantGroup section */

/* Begin XCBuildConfiguration section */
		22A68B1A1D92DD9B00E75C04 /* Debug */ = {
			isa = XCBuildConfiguration;
			buildSettings = {
				ALWAYS_SEARCH_USER_PATHS = NO;
				CLANG_CXX_LANGUAGE_STANDARD = "gnu++0x";
				CLANG_CXX_LIBRARY = "libc++";
				CLANG_ENABLE_MODULES = YES;
				CLANG_ENABLE_OBJC_ARC = YES;
				CLANG_WARN_BOOL_CONVERSION = YES;
				CLANG_WARN_CONSTANT_CONVERSION = YES;
				CLANG_WARN_DIRECT_OBJC_ISA_USAGE = YES_ERROR;
				CLANG_WARN_EMPTY_BODY = YES;
				CLANG_WARN_ENUM_CONVERSION = YES;
				CLANG_WARN_INT_CONVERSION = YES;
				CLANG_WARN_OBJC_ROOT_CLASS = YES_ERROR;
				CLANG_WARN_UNREACHABLE_CODE = YES;
				CLANG_WARN__DUPLICATE_METHOD_MATCH = YES;
				"CODE_SIGN_IDENTITY[sdk=iphoneos*]" = "iPhone Developer";
				COPY_PHASE_STRIP = NO;
				DEBUG_INFORMATION_FORMAT = dwarf;
				ENABLE_STRICT_OBJC_MSGSEND = YES;
				ENABLE_TESTABILITY = YES;
				GCC_C_LANGUAGE_STANDARD = gnu99;
				GCC_DYNAMIC_NO_PIC = NO;
				GCC_NO_COMMON_BLOCKS = YES;
				GCC_OPTIMIZATION_LEVEL = 0;
				GCC_PREPROCESSOR_DEFINITIONS = (
					"DEBUG=1",
					"$(inherited)",
				);
				GCC_WARN_64_TO_32_BIT_CONVERSION = YES;
				GCC_WARN_ABOUT_RETURN_TYPE = YES_ERROR;
				GCC_WARN_UNDECLARED_SELECTOR = YES;
				GCC_WARN_UNINITIALIZED_AUTOS = YES_AGGRESSIVE;
				GCC_WARN_UNUSED_FUNCTION = YES;
				GCC_WARN_UNUSED_VARIABLE = YES;
				IPHONEOS_DEPLOYMENT_TARGET = 9.2;
				MTL_ENABLE_DEBUG_INFO = YES;
				ONLY_ACTIVE_ARCH = YES;
				SDKROOT = iphoneos;
				SWIFT_OPTIMIZATION_LEVEL = "-Onone";
				TARGETED_DEVICE_FAMILY = "1,2";
			};
			name = Debug;
		};
		22A68B1B1D92DD9B00E75C04 /* Release */ = {
			isa = XCBuildConfiguration;
			buildSettings = {
				ALWAYS_SEARCH_USER_PATHS = NO;
				CLANG_CXX_LANGUAGE_STANDARD = "gnu++0x";
				CLANG_CXX_LIBRARY = "libc++";
				CLANG_ENABLE_MODULES = YES;
				CLANG_ENABLE_OBJC_ARC = YES;
				CLANG_WARN_BOOL_CONVERSION = YES;
				CLANG_WARN_CONSTANT_CONVERSION = YES;
				CLANG_WARN_DIRECT_OBJC_ISA_USAGE = YES_ERROR;
				CLANG_WARN_EMPTY_BODY = YES;
				CLANG_WARN_ENUM_CONVERSION = YES;
				CLANG_WARN_INT_CONVERSION = YES;
				CLANG_WARN_OBJC_ROOT_CLASS = YES_ERROR;
				CLANG_WARN_UNREACHABLE_CODE = YES;
				CLANG_WARN__DUPLICATE_METHOD_MATCH = YES;
				"CODE_SIGN_IDENTITY[sdk=iphoneos*]" = "iPhone Developer";
				COPY_PHASE_STRIP = NO;
				DEBUG_INFORMATION_FORMAT = "dwarf-with-dsym";
				ENABLE_NS_ASSERTIONS = NO;
				ENABLE_STRICT_OBJC_MSGSEND = YES;
				GCC_C_LANGUAGE_STANDARD = gnu99;
				GCC_NO_COMMON_BLOCKS = YES;
				GCC_WARN_64_TO_32_BIT_CONVERSION = YES;
				GCC_WARN_ABOUT_RETURN_TYPE = YES_ERROR;
				GCC_WARN_UNDECLARED_SELECTOR = YES;
				GCC_WARN_UNINITIALIZED_AUTOS = YES_AGGRESSIVE;
				GCC_WARN_UNUSED_FUNCTION = YES;
				GCC_WARN_UNUSED_VARIABLE = YES;
				IPHONEOS_DEPLOYMENT_TARGET = 9.2;
				MTL_ENABLE_DEBUG_INFO = NO;
				SDKROOT = iphoneos;
				TARGETED_DEVICE_FAMILY = "1,2";
				VALIDATE_PRODUCT = YES;
			};
			name = Release;
		};
		22A68B1D1D92DD9B00E75C04 /* Debug */ = {
			isa = XCBuildConfiguration;
			baseConfigurationReference = 612CF515B4FD4C7919BD20E2 /* Pods-nervousnet-HUB-iOS.debug.xcconfig */;
			buildSettings = {
				ASSETCATALOG_COMPILER_APPICON_NAME = AppIcon;
				ASSETCATALOG_COMPILER_LAUNCHIMAGE_NAME = "Brand Assets";
				CODE_SIGN_IDENTITY = "iPhone Developer";
				INFOPLIST_FILE = "nervousnet-HUB-iOS/Info.plist";
				IPHONEOS_DEPLOYMENT_TARGET = 9.2;
				LD_RUNPATH_SEARCH_PATHS = "$(inherited) @executable_path/Frameworks";
				PRODUCT_BUNDLE_IDENTIFIER = "ch.ethz.coss.nervousnet-HUB-iOS";
				PRODUCT_NAME = "$(TARGET_NAME)";
				SWIFT_VERSION = 3.0;
				TARGETED_DEVICE_FAMILY = "1,2";
			};
			name = Debug;
		};
		22A68B1E1D92DD9B00E75C04 /* Release */ = {
			isa = XCBuildConfiguration;
			baseConfigurationReference = DFE7F8B7D3E6F05F15FFB1A8 /* Pods-nervousnet-HUB-iOS.release.xcconfig */;
			buildSettings = {
				ASSETCATALOG_COMPILER_APPICON_NAME = AppIcon;
				ASSETCATALOG_COMPILER_LAUNCHIMAGE_NAME = "Brand Assets";
				CODE_SIGN_IDENTITY = "iPhone Developer";
				INFOPLIST_FILE = "nervousnet-HUB-iOS/Info.plist";
				IPHONEOS_DEPLOYMENT_TARGET = 9.2;
				LD_RUNPATH_SEARCH_PATHS = "$(inherited) @executable_path/Frameworks";
				PRODUCT_BUNDLE_IDENTIFIER = "ch.ethz.coss.nervousnet-HUB-iOS";
				PRODUCT_NAME = "$(TARGET_NAME)";
				SWIFT_VERSION = 3.0;
				TARGETED_DEVICE_FAMILY = "1,2";
			};
			name = Release;
		};
		22A68B201D92DD9B00E75C04 /* Debug */ = {
			isa = XCBuildConfiguration;
			buildSettings = {
				BUNDLE_LOADER = "$(TEST_HOST)";
				INFOPLIST_FILE = "nervousnet-HUB-iOSTests/Info.plist";
				LD_RUNPATH_SEARCH_PATHS = "$(inherited) @executable_path/Frameworks @loader_path/Frameworks";
				PRODUCT_BUNDLE_IDENTIFIER = "ch.ethz.coss.nervousnet-HUB-iOSTests";
				PRODUCT_NAME = "$(TARGET_NAME)";
				SWIFT_VERSION = 3.0;
				TEST_HOST = "$(BUILT_PRODUCTS_DIR)/nervousnet-HUB-iOS.app/nervousnet-HUB-iOS";
			};
			name = Debug;
		};
		22A68B211D92DD9B00E75C04 /* Release */ = {
			isa = XCBuildConfiguration;
			buildSettings = {
				BUNDLE_LOADER = "$(TEST_HOST)";
				INFOPLIST_FILE = "nervousnet-HUB-iOSTests/Info.plist";
				LD_RUNPATH_SEARCH_PATHS = "$(inherited) @executable_path/Frameworks @loader_path/Frameworks";
				PRODUCT_BUNDLE_IDENTIFIER = "ch.ethz.coss.nervousnet-HUB-iOSTests";
				PRODUCT_NAME = "$(TARGET_NAME)";
				SWIFT_VERSION = 3.0;
				TEST_HOST = "$(BUILT_PRODUCTS_DIR)/nervousnet-HUB-iOS.app/nervousnet-HUB-iOS";
			};
			name = Release;
		};
		22A68B231D92DD9B00E75C04 /* Debug */ = {
			isa = XCBuildConfiguration;
			buildSettings = {
				INFOPLIST_FILE = "nervousnet-HUB-iOSUITests/Info.plist";
				LD_RUNPATH_SEARCH_PATHS = "$(inherited) @executable_path/Frameworks @loader_path/Frameworks";
				PRODUCT_BUNDLE_IDENTIFIER = "ch.ethz.coss.nervousnet-HUB-iOSUITests";
				PRODUCT_NAME = "$(TARGET_NAME)";
				SWIFT_VERSION = 3.0;
				TEST_TARGET_NAME = "nervousnet-HUB-iOS";
				USES_XCTRUNNER = YES;
			};
			name = Debug;
		};
		22A68B241D92DD9B00E75C04 /* Release */ = {
			isa = XCBuildConfiguration;
			buildSettings = {
				INFOPLIST_FILE = "nervousnet-HUB-iOSUITests/Info.plist";
				LD_RUNPATH_SEARCH_PATHS = "$(inherited) @executable_path/Frameworks @loader_path/Frameworks";
				PRODUCT_BUNDLE_IDENTIFIER = "ch.ethz.coss.nervousnet-HUB-iOSUITests";
				PRODUCT_NAME = "$(TARGET_NAME)";
				SWIFT_VERSION = 3.0;
				TEST_TARGET_NAME = "nervousnet-HUB-iOS";
				USES_XCTRUNNER = YES;
			};
			name = Release;
		};
/* End XCBuildConfiguration section */

/* Begin XCConfigurationList section */
		22A68AEB1D92DD9B00E75C04 /* Build configuration list for PBXProject "nervousnet-HUB-iOS" */ = {
			isa = XCConfigurationList;
			buildConfigurations = (
				22A68B1A1D92DD9B00E75C04 /* Debug */,
				22A68B1B1D92DD9B00E75C04 /* Release */,
			);
			defaultConfigurationIsVisible = 0;
			defaultConfigurationName = Release;
		};
		22A68B1C1D92DD9B00E75C04 /* Build configuration list for PBXNativeTarget "nervousnet-HUB-iOS" */ = {
			isa = XCConfigurationList;
			buildConfigurations = (
				22A68B1D1D92DD9B00E75C04 /* Debug */,
				22A68B1E1D92DD9B00E75C04 /* Release */,
			);
			defaultConfigurationIsVisible = 0;
			defaultConfigurationName = Release;
		};
		22A68B1F1D92DD9B00E75C04 /* Build configuration list for PBXNativeTarget "nervousnet-HUB-iOSTests" */ = {
			isa = XCConfigurationList;
			buildConfigurations = (
				22A68B201D92DD9B00E75C04 /* Debug */,
				22A68B211D92DD9B00E75C04 /* Release */,
			);
			defaultConfigurationIsVisible = 0;
			defaultConfigurationName = Release;
		};
		22A68B221D92DD9B00E75C04 /* Build configuration list for PBXNativeTarget "nervousnet-HUB-iOSUITests" */ = {
			isa = XCConfigurationList;
			buildConfigurations = (
				22A68B231D92DD9B00E75C04 /* Debug */,
				22A68B241D92DD9B00E75C04 /* Release */,
			);
			defaultConfigurationIsVisible = 0;
			defaultConfigurationName = Release;
		};
/* End XCConfigurationList section */
	};
	rootObject = 22A68AE81D92DD9B00E75C04 /* Project object */;
}
